{
    "_meta": {
        "hash": {
            "sha256": "7402d92296498fe5f9c3a9d09bed2d41b828d648fa9e35ab3089d8627a57ecac"
        },
        "pipfile-spec": 6,
        "requires": {
            "python_version": "3.10"
        },
        "sources": [
            {
                "name": "pypi",
                "url": "https://pypi.org/simple",
                "verify_ssl": true
            }
        ]
    },
    "default": {
        "bytecode": {
            "hashes": [
                "sha256:0908a8348cabf366b5c1865daabcdc0d650cb0cbdeb1750cc90564852f81945c",
                "sha256:a66718dc1d246b4fec52b5850c15592344a56c8bdb28fd243c895ccf00f8371f"
            ],
            "index": "pypi",
            "version": "==0.15.0"
        }
    },
    "develop": {}
}
